# This file is autogenerated, do not edit; changes may be undone by the next 'dep ensure'.


[[projects]]
  branch = "go1"
  name = "github.com/rwcarlsen/goexif"
  packages = [
    "exif",
    "tiff"
  ]
  revision = "17202558c8d9c3fd047859f1a5e73fd9ae709187"

[solve-meta]
  analyzer-name = "dep"
  analyzer-version = 1
  inputs-digest = "227f9846c07098ae652ea1fe7aa1ec04a1a17cca366d32c8ae0524e1bc795f25"
  solver-name = "gps-cdcl"
  solver-version = 1
